// !$*UTF8*$!
{
	archiveVersion = 1;
	classes = {
	};
	objectVersion = 46;
	objects = {

/* Begin PBXBuildFile section */
		1B5F996886A777589D5DD794 /* svgtiny_list.cpp in Sources */ = {isa = PBXBuildFile; fileRef = 077F7AC989DAB289A1EC643F /* svgtiny_list.cpp */; };
		1D6B78EF041B097CE4F423C4 /* svgtiny.cpp in Sources */ = {isa = PBXBuildFile; fileRef = 38BC601AD0A2F4F2319D1460 /* svgtiny.cpp */; };
		4294163B15857489B2176769 /* svgtiny_gradient.cpp in Sources */ = {isa = PBXBuildFile; fileRef = 582921BA98D224ED41833868 /* svgtiny_gradient.cpp */; };
		50EBACAE1B565F0A0047A49E /* README.md in Sources */ = {isa = PBXBuildFile; fileRef = 50EBAC4E1B565F090047A49E /* README.md */; };
		50EBACAF1B565F0A0047A49E /* ofxUI2DGraph.cpp in Sources */ = {isa = PBXBuildFile; fileRef = 50EBAC511B565F090047A49E /* ofxUI2DGraph.cpp */; };
		50EBACB01B565F0A0047A49E /* ofxUI2DPad.cpp in Sources */ = {isa = PBXBuildFile; fileRef = 50EBAC531B565F090047A49E /* ofxUI2DPad.cpp */; };
		50EBACB11B565F0A0047A49E /* ofxUIBaseDraws.cpp in Sources */ = {isa = PBXBuildFile; fileRef = 50EBAC551B565F090047A49E /* ofxUIBaseDraws.cpp */; };
		50EBACB21B565F0A0047A49E /* ofxUIBiLabelSlider.cpp in Sources */ = {isa = PBXBuildFile; fileRef = 50EBAC571B565F090047A49E /* ofxUIBiLabelSlider.cpp */; };
		50EBACB31B565F0A0047A49E /* ofxUIButton.cpp in Sources */ = {isa = PBXBuildFile; fileRef = 50EBAC591B565F090047A49E /* ofxUIButton.cpp */; };
		50EBACB41B565F0A0047A49E /* ofxUICanvas.cpp in Sources */ = {isa = PBXBuildFile; fileRef = 50EBAC5B1B565F090047A49E /* ofxUICanvas.cpp */; };
		50EBACB51B565F0A0047A49E /* ofxUICircleSlider.cpp in Sources */ = {isa = PBXBuildFile; fileRef = 50EBAC5D1B565F090047A49E /* ofxUICircleSlider.cpp */; };
		50EBACB61B565F0A0047A49E /* ofxUIDragableLabelButton.cpp in Sources */ = {isa = PBXBuildFile; fileRef = 50EBAC601B565F090047A49E /* ofxUIDragableLabelButton.cpp */; };
		50EBACB71B565F0A0047A49E /* ofxUIDropDownList.cpp in Sources */ = {isa = PBXBuildFile; fileRef = 50EBAC621B565F090047A49E /* ofxUIDropDownList.cpp */; };
		50EBACB81B565F0A0047A49E /* ofxUIEventArgs.cpp in Sources */ = {isa = PBXBuildFile; fileRef = 50EBAC641B565F090047A49E /* ofxUIEventArgs.cpp */; };
		50EBACB91B565F0A0047A49E /* ofxUIFPS.cpp in Sources */ = {isa = PBXBuildFile; fileRef = 50EBAC661B565F090047A49E /* ofxUIFPS.cpp */; };
		50EBACBA1B565F0A0047A49E /* ofxUIFPSSlider.cpp in Sources */ = {isa = PBXBuildFile; fileRef = 50EBAC681B565F090047A49E /* ofxUIFPSSlider.cpp */; };
		50EBACBB1B565F0A0047A49E /* ofxUIImage.cpp in Sources */ = {isa = PBXBuildFile; fileRef = 50EBAC6A1B565F090047A49E /* ofxUIImage.cpp */; };
		50EBACBC1B565F0A0047A49E /* ofxUIImageButton.cpp in Sources */ = {isa = PBXBuildFile; fileRef = 50EBAC6C1B565F090047A49E /* ofxUIImageButton.cpp */; };
		50EBACBD1B565F0A0047A49E /* ofxUIImageSampler.cpp in Sources */ = {isa = PBXBuildFile; fileRef = 50EBAC6E1B565F090047A49E /* ofxUIImageSampler.cpp */; };
		50EBACBE1B565F0A0047A49E /* ofxUIImageSlider.cpp in Sources */ = {isa = PBXBuildFile; fileRef = 50EBAC701B565F090047A49E /* ofxUIImageSlider.cpp */; };
		50EBACBF1B565F0A0047A49E /* ofxUIImageToggle.cpp in Sources */ = {isa = PBXBuildFile; fileRef = 50EBAC721B565F090047A49E /* ofxUIImageToggle.cpp */; };
		50EBACC01B565F0A0047A49E /* ofxUILabel.cpp in Sources */ = {isa = PBXBuildFile; fileRef = 50EBAC741B565F090047A49E /* ofxUILabel.cpp */; };
		50EBACC11B565F0A0047A49E /* ofxUILabelButton.cpp in Sources */ = {isa = PBXBuildFile; fileRef = 50EBAC761B565F090047A49E /* ofxUILabelButton.cpp */; };
		50EBACC21B565F0A0047A49E /* ofxUILabelToggle.cpp in Sources */ = {isa = PBXBuildFile; fileRef = 50EBAC781B565F090047A49E /* ofxUILabelToggle.cpp */; };
		50EBACC31B565F0A0047A49E /* ofxUIMinimalSlider.cpp in Sources */ = {isa = PBXBuildFile; fileRef = 50EBAC7A1B565F090047A49E /* ofxUIMinimalSlider.cpp */; };
		50EBACC41B565F0A0047A49E /* ofxUIMovingGraph.cpp in Sources */ = {isa = PBXBuildFile; fileRef = 50EBAC7C1B565F090047A49E /* ofxUIMovingGraph.cpp */; };
		50EBACC51B565F0A0047A49E /* ofxUIMultiImageButton.cpp in Sources */ = {isa = PBXBuildFile; fileRef = 50EBAC7E1B565F090047A49E /* ofxUIMultiImageButton.cpp */; };
		50EBACC61B565F0A0047A49E /* ofxUIMultiImageToggle.cpp in Sources */ = {isa = PBXBuildFile; fileRef = 50EBAC801B565F090047A49E /* ofxUIMultiImageToggle.cpp */; };
		50EBACC71B565F0A0047A49E /* ofxUINumberDialer.cpp in Sources */ = {isa = PBXBuildFile; fileRef = 50EBAC821B565F090047A49E /* ofxUINumberDialer.cpp */; };
		50EBACC81B565F0A0047A49E /* ofxUIRadio.cpp in Sources */ = {isa = PBXBuildFile; fileRef = 50EBAC851B565F090047A49E /* ofxUIRadio.cpp */; };
		50EBACC91B565F0A0047A49E /* ofxUIRangeSlider.cpp in Sources */ = {isa = PBXBuildFile; fileRef = 50EBAC871B565F090047A49E /* ofxUIRangeSlider.cpp */; };
		50EBACCA1B565F0A0047A49E /* ofxUIRectangle.cpp in Sources */ = {isa = PBXBuildFile; fileRef = 50EBAC891B565F090047A49E /* ofxUIRectangle.cpp */; };
		50EBACCB1B565F0A0047A49E /* ofxUIRotarySlider.cpp in Sources */ = {isa = PBXBuildFile; fileRef = 50EBAC8B1B565F090047A49E /* ofxUIRotarySlider.cpp */; };
		50EBACCC1B565F0A0047A49E /* ofxUIScrollableCanvas.cpp in Sources */ = {isa = PBXBuildFile; fileRef = 50EBAC8D1B565F090047A49E /* ofxUIScrollableCanvas.cpp */; };
		50EBACCD1B565F0A0047A49E /* ofxUISlider.cpp in Sources */ = {isa = PBXBuildFile; fileRef = 50EBAC8F1B565F090047A49E /* ofxUISlider.cpp */; };
		50EBACCE1B565F0A0047A49E /* ofxUISortableList.cpp in Sources */ = {isa = PBXBuildFile; fileRef = 50EBAC911B565F090047A49E /* ofxUISortableList.cpp */; };
		50EBACCF1B565F0A0047A49E /* ofxUISpacer.cpp in Sources */ = {isa = PBXBuildFile; fileRef = 50EBAC931B565F090047A49E /* ofxUISpacer.cpp */; };
		50EBACD01B565F0A0047A49E /* ofxUISpectrum.cpp in Sources */ = {isa = PBXBuildFile; fileRef = 50EBAC951B565F090047A49E /* ofxUISpectrum.cpp */; };
		50EBACD11B565F0A0047A49E /* ofxUISuperCanvas.cpp in Sources */ = {isa = PBXBuildFile; fileRef = 50EBAC971B565F090047A49E /* ofxUISuperCanvas.cpp */; };
		50EBACD21B565F0A0047A49E /* ofxUITabBar.cpp in Sources */ = {isa = PBXBuildFile; fileRef = 50EBAC991B565F090047A49E /* ofxUITabBar.cpp */; };
		50EBACD31B565F0A0047A49E /* ofxUITextArea.cpp in Sources */ = {isa = PBXBuildFile; fileRef = 50EBAC9B1B565F090047A49E /* ofxUITextArea.cpp */; };
		50EBACD41B565F0A0047A49E /* ofxUITextInput.cpp in Sources */ = {isa = PBXBuildFile; fileRef = 50EBAC9D1B565F090047A49E /* ofxUITextInput.cpp */; };
		50EBACD51B565F0A0047A49E /* ofxUIToggle.cpp in Sources */ = {isa = PBXBuildFile; fileRef = 50EBAC9F1B565F090047A49E /* ofxUIToggle.cpp */; };
		50EBACD61B565F0A0047A49E /* ofxUIToggleMatrix.cpp in Sources */ = {isa = PBXBuildFile; fileRef = 50EBACA11B565F090047A49E /* ofxUIToggleMatrix.cpp */; };
		50EBACD71B565F0A0047A49E /* ofxUIValuePlotter.cpp in Sources */ = {isa = PBXBuildFile; fileRef = 50EBACA41B565F0A0047A49E /* ofxUIValuePlotter.cpp */; };
		50EBACD81B565F0A0047A49E /* ofxUIWaveform.cpp in Sources */ = {isa = PBXBuildFile; fileRef = 50EBACA61B565F0A0047A49E /* ofxUIWaveform.cpp */; };
		50EBACD91B565F0A0047A49E /* ofxUIWidget.cpp in Sources */ = {isa = PBXBuildFile; fileRef = 50EBACA81B565F0A0047A49E /* ofxUIWidget.cpp */; };
		50EBACDA1B565F0A0047A49E /* ofxUIWidgetWithLabel.cpp in Sources */ = {isa = PBXBuildFile; fileRef = 50EBACAB1B565F0A0047A49E /* ofxUIWidgetWithLabel.cpp */; };
		50EBACE51B565F680047A49E /* tinyxml.cpp in Sources */ = {isa = PBXBuildFile; fileRef = 50EBACDE1B565F680047A49E /* tinyxml.cpp */; };
		50EBACE61B565F680047A49E /* tinyxmlerror.cpp in Sources */ = {isa = PBXBuildFile; fileRef = 50EBACE01B565F680047A49E /* tinyxmlerror.cpp */; };
		50EBACE71B565F680047A49E /* tinyxmlparser.cpp in Sources */ = {isa = PBXBuildFile; fileRef = 50EBACE11B565F680047A49E /* tinyxmlparser.cpp */; };
		50EBACE81B565F680047A49E /* ofxXmlSettings.cpp in Sources */ = {isa = PBXBuildFile; fileRef = 50EBACE31B565F680047A49E /* ofxXmlSettings.cpp */; };
		6A565A9714A6A12EB9098F52 /* src_colors.cpp in Sources */ = {isa = PBXBuildFile; fileRef = 27DFA5E4C611C297AADB2002 /* src_colors.cpp */; };
		B88A57B4B0BA6191EF3571E9 /* ofxSvg.cpp in Sources */ = {isa = PBXBuildFile; fileRef = B9E16009E1772C6D00B20013 /* ofxSvg.cpp */; };
		BBAB23CB13894F3D00AA2426 /* GLUT.framework in CopyFiles */ = {isa = PBXBuildFile; fileRef = BBAB23BE13894E4700AA2426 /* GLUT.framework */; };
		E4328149138ABC9F0047C5CB /* openFrameworksDebug.a in Frameworks */ = {isa = PBXBuildFile; fileRef = E4328148138ABC890047C5CB /* openFrameworksDebug.a */; };
		E45BE97B0E8CC7DD009D7055 /* AGL.framework in Frameworks */ = {isa = PBXBuildFile; fileRef = E45BE9710E8CC7DD009D7055 /* AGL.framework */; };
		E45BE97C0E8CC7DD009D7055 /* ApplicationServices.framework in Frameworks */ = {isa = PBXBuildFile; fileRef = E45BE9720E8CC7DD009D7055 /* ApplicationServices.framework */; };
		E45BE97D0E8CC7DD009D7055 /* AudioToolbox.framework in Frameworks */ = {isa = PBXBuildFile; fileRef = E45BE9730E8CC7DD009D7055 /* AudioToolbox.framework */; };
		E45BE97F0E8CC7DD009D7055 /* CoreAudio.framework in Frameworks */ = {isa = PBXBuildFile; fileRef = E45BE9750E8CC7DD009D7055 /* CoreAudio.framework */; };
		E45BE9800E8CC7DD009D7055 /* CoreFoundation.framework in Frameworks */ = {isa = PBXBuildFile; fileRef = E45BE9760E8CC7DD009D7055 /* CoreFoundation.framework */; };
		E45BE9810E8CC7DD009D7055 /* CoreServices.framework in Frameworks */ = {isa = PBXBuildFile; fileRef = E45BE9770E8CC7DD009D7055 /* CoreServices.framework */; };
		E45BE9830E8CC7DD009D7055 /* OpenGL.framework in Frameworks */ = {isa = PBXBuildFile; fileRef = E45BE9790E8CC7DD009D7055 /* OpenGL.framework */; };
		E45BE9840E8CC7DD009D7055 /* QuickTime.framework in Frameworks */ = {isa = PBXBuildFile; fileRef = E45BE97A0E8CC7DD009D7055 /* QuickTime.framework */; };
		E4B69E200A3A1BDC003C02F2 /* main.cpp in Sources */ = {isa = PBXBuildFile; fileRef = E4B69E1D0A3A1BDC003C02F2 /* main.cpp */; };
		E4B69E210A3A1BDC003C02F2 /* ofApp.cpp in Sources */ = {isa = PBXBuildFile; fileRef = E4B69E1E0A3A1BDC003C02F2 /* ofApp.cpp */; };
		E4C2424710CC5A17004149E2 /* AppKit.framework in Frameworks */ = {isa = PBXBuildFile; fileRef = E4C2424410CC5A17004149E2 /* AppKit.framework */; };
		E4C2424810CC5A17004149E2 /* Cocoa.framework in Frameworks */ = {isa = PBXBuildFile; fileRef = E4C2424510CC5A17004149E2 /* Cocoa.framework */; };
		E4C2424910CC5A17004149E2 /* IOKit.framework in Frameworks */ = {isa = PBXBuildFile; fileRef = E4C2424610CC5A17004149E2 /* IOKit.framework */; };
		E4EB6799138ADC1D00A09F29 /* GLUT.framework in Frameworks */ = {isa = PBXBuildFile; fileRef = BBAB23BE13894E4700AA2426 /* GLUT.framework */; };
		E7E077E515D3B63C0020DFD4 /* CoreVideo.framework in Frameworks */ = {isa = PBXBuildFile; fileRef = E7E077E415D3B63C0020DFD4 /* CoreVideo.framework */; };
		E7E077E815D3B6510020DFD4 /* QTKit.framework in Frameworks */ = {isa = PBXBuildFile; fileRef = E7E077E715D3B6510020DFD4 /* QTKit.framework */; };
		E7F985F815E0DEA3003869B5 /* Accelerate.framework in Frameworks */ = {isa = PBXBuildFile; fileRef = E7F985F515E0DE99003869B5 /* Accelerate.framework */; };
/* End PBXBuildFile section */

/* Begin PBXContainerItemProxy section */
		E4328147138ABC890047C5CB /* PBXContainerItemProxy */ = {
			isa = PBXContainerItemProxy;
			containerPortal = E4328143138ABC890047C5CB /* openFrameworksLib.xcodeproj */;
			proxyType = 2;
			remoteGlobalIDString = E4B27C1510CBEB8E00536013;
			remoteInfo = openFrameworks;
		};
		E4EEB9AB138B136A00A80321 /* PBXContainerItemProxy */ = {
			isa = PBXContainerItemProxy;
			containerPortal = E4328143138ABC890047C5CB /* openFrameworksLib.xcodeproj */;
			proxyType = 1;
			remoteGlobalIDString = E4B27C1410CBEB8E00536013;
			remoteInfo = openFrameworks;
		};
/* End PBXContainerItemProxy section */

/* Begin PBXCopyFilesBuildPhase section */
		E4C2427710CC5ABF004149E2 /* CopyFiles */ = {
			isa = PBXCopyFilesBuildPhase;
			buildActionMask = 2147483647;
			dstPath = "";
			dstSubfolderSpec = 10;
			files = (
				BBAB23CB13894F3D00AA2426 /* GLUT.framework in CopyFiles */,
			);
			runOnlyForDeploymentPostprocessing = 0;
		};
/* End PBXCopyFilesBuildPhase section */

/* Begin PBXFileReference section */
		077F7AC989DAB289A1EC643F /* svgtiny_list.cpp */ = {isa = PBXFileReference; explicitFileType = sourcecode.cpp.cpp; fileEncoding = 30; name = svgtiny_list.cpp; path = ../../../addons/ofxSvg/libs/svgTiny/src/svgtiny_list.cpp; sourceTree = SOURCE_ROOT; };
		27DFA5E4C611C297AADB2002 /* src_colors.cpp */ = {isa = PBXFileReference; explicitFileType = sourcecode.cpp.cpp; fileEncoding = 30; name = src_colors.cpp; path = ../../../addons/ofxSvg/libs/svgTiny/src/src_colors.cpp; sourceTree = SOURCE_ROOT; };
		38BC601AD0A2F4F2319D1460 /* svgtiny.cpp */ = {isa = PBXFileReference; explicitFileType = sourcecode.cpp.cpp; fileEncoding = 30; name = svgtiny.cpp; path = ../../../addons/ofxSvg/libs/svgTiny/src/svgtiny.cpp; sourceTree = SOURCE_ROOT; };
		50EBAC4C1B565F090047A49E /* .gitignore */ = {isa = PBXFileReference; fileEncoding = 4; lastKnownFileType = text; path = .gitignore; sourceTree = "<group>"; };
		50EBAC4D1B565F090047A49E /* ofxaddons_thumbnail.png */ = {isa = PBXFileReference; lastKnownFileType = image.png; path = ofxaddons_thumbnail.png; sourceTree = "<group>"; };
		50EBAC4E1B565F090047A49E /* README.md */ = {isa = PBXFileReference; fileEncoding = 4; lastKnownFileType = net.daringfireball.markdown; path = README.md; sourceTree = "<group>"; };
		50EBAC501B565F090047A49E /* ofxUI.h */ = {isa = PBXFileReference; fileEncoding = 4; lastKnownFileType = sourcecode.c.h; path = ofxUI.h; sourceTree = "<group>"; };
		50EBAC511B565F090047A49E /* ofxUI2DGraph.cpp */ = {isa = PBXFileReference; fileEncoding = 4; lastKnownFileType = sourcecode.cpp.cpp; path = ofxUI2DGraph.cpp; sourceTree = "<group>"; };
		50EBAC521B565F090047A49E /* ofxUI2DGraph.h */ = {isa = PBXFileReference; fileEncoding = 4; lastKnownFileType = sourcecode.c.h; path = ofxUI2DGraph.h; sourceTree = "<group>"; };
		50EBAC531B565F090047A49E /* ofxUI2DPad.cpp */ = {isa = PBXFileReference; fileEncoding = 4; lastKnownFileType = sourcecode.cpp.cpp; path = ofxUI2DPad.cpp; sourceTree = "<group>"; };
		50EBAC541B565F090047A49E /* ofxUI2DPad.h */ = {isa = PBXFileReference; fileEncoding = 4; lastKnownFileType = sourcecode.c.h; path = ofxUI2DPad.h; sourceTree = "<group>"; };
		50EBAC551B565F090047A49E /* ofxUIBaseDraws.cpp */ = {isa = PBXFileReference; fileEncoding = 4; lastKnownFileType = sourcecode.cpp.cpp; path = ofxUIBaseDraws.cpp; sourceTree = "<group>"; };
		50EBAC561B565F090047A49E /* ofxUIBaseDraws.h */ = {isa = PBXFileReference; fileEncoding = 4; lastKnownFileType = sourcecode.c.h; path = ofxUIBaseDraws.h; sourceTree = "<group>"; };
		50EBAC571B565F090047A49E /* ofxUIBiLabelSlider.cpp */ = {isa = PBXFileReference; fileEncoding = 4; lastKnownFileType = sourcecode.cpp.cpp; path = ofxUIBiLabelSlider.cpp; sourceTree = "<group>"; };
		50EBAC581B565F090047A49E /* ofxUIBiLabelSlider.h */ = {isa = PBXFileReference; fileEncoding = 4; lastKnownFileType = sourcecode.c.h; path = ofxUIBiLabelSlider.h; sourceTree = "<group>"; };
		50EBAC591B565F090047A49E /* ofxUIButton.cpp */ = {isa = PBXFileReference; fileEncoding = 4; lastKnownFileType = sourcecode.cpp.cpp; path = ofxUIButton.cpp; sourceTree = "<group>"; };
		50EBAC5A1B565F090047A49E /* ofxUIButton.h */ = {isa = PBXFileReference; fileEncoding = 4; lastKnownFileType = sourcecode.c.h; path = ofxUIButton.h; sourceTree = "<group>"; };
		50EBAC5B1B565F090047A49E /* ofxUICanvas.cpp */ = {isa = PBXFileReference; fileEncoding = 4; lastKnownFileType = sourcecode.cpp.cpp; path = ofxUICanvas.cpp; sourceTree = "<group>"; };
		50EBAC5C1B565F090047A49E /* ofxUICanvas.h */ = {isa = PBXFileReference; fileEncoding = 4; lastKnownFileType = sourcecode.c.h; path = ofxUICanvas.h; sourceTree = "<group>"; };
		50EBAC5D1B565F090047A49E /* ofxUICircleSlider.cpp */ = {isa = PBXFileReference; fileEncoding = 4; lastKnownFileType = sourcecode.cpp.cpp; path = ofxUICircleSlider.cpp; sourceTree = "<group>"; };
		50EBAC5E1B565F090047A49E /* ofxUICircleSlider.h */ = {isa = PBXFileReference; fileEncoding = 4; lastKnownFileType = sourcecode.c.h; path = ofxUICircleSlider.h; sourceTree = "<group>"; };
		50EBAC5F1B565F090047A49E /* ofxUIDefines.h */ = {isa = PBXFileReference; fileEncoding = 4; lastKnownFileType = sourcecode.c.h; path = ofxUIDefines.h; sourceTree = "<group>"; };
		50EBAC601B565F090047A49E /* ofxUIDragableLabelButton.cpp */ = {isa = PBXFileReference; fileEncoding = 4; lastKnownFileType = sourcecode.cpp.cpp; path = ofxUIDragableLabelButton.cpp; sourceTree = "<group>"; };
		50EBAC611B565F090047A49E /* ofxUIDragableLabelButton.h */ = {isa = PBXFileReference; fileEncoding = 4; lastKnownFileType = sourcecode.c.h; path = ofxUIDragableLabelButton.h; sourceTree = "<group>"; };
		50EBAC621B565F090047A49E /* ofxUIDropDownList.cpp */ = {isa = PBXFileReference; fileEncoding = 4; lastKnownFileType = sourcecode.cpp.cpp; path = ofxUIDropDownList.cpp; sourceTree = "<group>"; };
		50EBAC631B565F090047A49E /* ofxUIDropDownList.h */ = {isa = PBXFileReference; fileEncoding = 4; lastKnownFileType = sourcecode.c.h; path = ofxUIDropDownList.h; sourceTree = "<group>"; };
		50EBAC641B565F090047A49E /* ofxUIEventArgs.cpp */ = {isa = PBXFileReference; fileEncoding = 4; lastKnownFileType = sourcecode.cpp.cpp; path = ofxUIEventArgs.cpp; sourceTree = "<group>"; };
		50EBAC651B565F090047A49E /* ofxUIEventArgs.h */ = {isa = PBXFileReference; fileEncoding = 4; lastKnownFileType = sourcecode.c.h; path = ofxUIEventArgs.h; sourceTree = "<group>"; };
		50EBAC661B565F090047A49E /* ofxUIFPS.cpp */ = {isa = PBXFileReference; fileEncoding = 4; lastKnownFileType = sourcecode.cpp.cpp; path = ofxUIFPS.cpp; sourceTree = "<group>"; };
		50EBAC671B565F090047A49E /* ofxUIFPS.h */ = {isa = PBXFileReference; fileEncoding = 4; lastKnownFileType = sourcecode.c.h; path = ofxUIFPS.h; sourceTree = "<group>"; };
		50EBAC681B565F090047A49E /* ofxUIFPSSlider.cpp */ = {isa = PBXFileReference; fileEncoding = 4; lastKnownFileType = sourcecode.cpp.cpp; path = ofxUIFPSSlider.cpp; sourceTree = "<group>"; };
		50EBAC691B565F090047A49E /* ofxUIFPSSlider.h */ = {isa = PBXFileReference; fileEncoding = 4; lastKnownFileType = sourcecode.c.h; path = ofxUIFPSSlider.h; sourceTree = "<group>"; };
		50EBAC6A1B565F090047A49E /* ofxUIImage.cpp */ = {isa = PBXFileReference; fileEncoding = 4; lastKnownFileType = sourcecode.cpp.cpp; path = ofxUIImage.cpp; sourceTree = "<group>"; };
		50EBAC6B1B565F090047A49E /* ofxUIImage.h */ = {isa = PBXFileReference; fileEncoding = 4; lastKnownFileType = sourcecode.c.h; path = ofxUIImage.h; sourceTree = "<group>"; };
		50EBAC6C1B565F090047A49E /* ofxUIImageButton.cpp */ = {isa = PBXFileReference; fileEncoding = 4; lastKnownFileType = sourcecode.cpp.cpp; path = ofxUIImageButton.cpp; sourceTree = "<group>"; };
		50EBAC6D1B565F090047A49E /* ofxUIImageButton.h */ = {isa = PBXFileReference; fileEncoding = 4; lastKnownFileType = sourcecode.c.h; path = ofxUIImageButton.h; sourceTree = "<group>"; };
		50EBAC6E1B565F090047A49E /* ofxUIImageSampler.cpp */ = {isa = PBXFileReference; fileEncoding = 4; lastKnownFileType = sourcecode.cpp.cpp; path = ofxUIImageSampler.cpp; sourceTree = "<group>"; };
		50EBAC6F1B565F090047A49E /* ofxUIImageSampler.h */ = {isa = PBXFileReference; fileEncoding = 4; lastKnownFileType = sourcecode.c.h; path = ofxUIImageSampler.h; sourceTree = "<group>"; };
		50EBAC701B565F090047A49E /* ofxUIImageSlider.cpp */ = {isa = PBXFileReference; fileEncoding = 4; lastKnownFileType = sourcecode.cpp.cpp; path = ofxUIImageSlider.cpp; sourceTree = "<group>"; };
		50EBAC711B565F090047A49E /* ofxUIImageSlider.h */ = {isa = PBXFileReference; fileEncoding = 4; lastKnownFileType = sourcecode.c.h; path = ofxUIImageSlider.h; sourceTree = "<group>"; };
		50EBAC721B565F090047A49E /* ofxUIImageToggle.cpp */ = {isa = PBXFileReference; fileEncoding = 4; lastKnownFileType = sourcecode.cpp.cpp; path = ofxUIImageToggle.cpp; sourceTree = "<group>"; };
		50EBAC731B565F090047A49E /* ofxUIImageToggle.h */ = {isa = PBXFileReference; fileEncoding = 4; lastKnownFileType = sourcecode.c.h; path = ofxUIImageToggle.h; sourceTree = "<group>"; };
		50EBAC741B565F090047A49E /* ofxUILabel.cpp */ = {isa = PBXFileReference; fileEncoding = 4; lastKnownFileType = sourcecode.cpp.cpp; path = ofxUILabel.cpp; sourceTree = "<group>"; };
		50EBAC751B565F090047A49E /* ofxUILabel.h */ = {isa = PBXFileReference; fileEncoding = 4; lastKnownFileType = sourcecode.c.h; path = ofxUILabel.h; sourceTree = "<group>"; };
		50EBAC761B565F090047A49E /* ofxUILabelButton.cpp */ = {isa = PBXFileReference; fileEncoding = 4; lastKnownFileType = sourcecode.cpp.cpp; path = ofxUILabelButton.cpp; sourceTree = "<group>"; };
		50EBAC771B565F090047A49E /* ofxUILabelButton.h */ = {isa = PBXFileReference; fileEncoding = 4; lastKnownFileType = sourcecode.c.h; path = ofxUILabelButton.h; sourceTree = "<group>"; };
		50EBAC781B565F090047A49E /* ofxUILabelToggle.cpp */ = {isa = PBXFileReference; fileEncoding = 4; lastKnownFileType = sourcecode.cpp.cpp; path = ofxUILabelToggle.cpp; sourceTree = "<group>"; };
		50EBAC791B565F090047A49E /* ofxUILabelToggle.h */ = {isa = PBXFileReference; fileEncoding = 4; lastKnownFileType = sourcecode.c.h; path = ofxUILabelToggle.h; sourceTree = "<group>"; };
		50EBAC7A1B565F090047A49E /* ofxUIMinimalSlider.cpp */ = {isa = PBXFileReference; fileEncoding = 4; lastKnownFileType = sourcecode.cpp.cpp; path = ofxUIMinimalSlider.cpp; sourceTree = "<group>"; };
		50EBAC7B1B565F090047A49E /* ofxUIMinimalSlider.h */ = {isa = PBXFileReference; fileEncoding = 4; lastKnownFileType = sourcecode.c.h; path = ofxUIMinimalSlider.h; sourceTree = "<group>"; };
		50EBAC7C1B565F090047A49E /* ofxUIMovingGraph.cpp */ = {isa = PBXFileReference; fileEncoding = 4; lastKnownFileType = sourcecode.cpp.cpp; path = ofxUIMovingGraph.cpp; sourceTree = "<group>"; };
		50EBAC7D1B565F090047A49E /* ofxUIMovingGraph.h */ = {isa = PBXFileReference; fileEncoding = 4; lastKnownFileType = sourcecode.c.h; path = ofxUIMovingGraph.h; sourceTree = "<group>"; };
		50EBAC7E1B565F090047A49E /* ofxUIMultiImageButton.cpp */ = {isa = PBXFileReference; fileEncoding = 4; lastKnownFileType = sourcecode.cpp.cpp; path = ofxUIMultiImageButton.cpp; sourceTree = "<group>"; };
		50EBAC7F1B565F090047A49E /* ofxUIMultiImageButton.h */ = {isa = PBXFileReference; fileEncoding = 4; lastKnownFileType = sourcecode.c.h; path = ofxUIMultiImageButton.h; sourceTree = "<group>"; };
		50EBAC801B565F090047A49E /* ofxUIMultiImageToggle.cpp */ = {isa = PBXFileReference; fileEncoding = 4; lastKnownFileType = sourcecode.cpp.cpp; path = ofxUIMultiImageToggle.cpp; sourceTree = "<group>"; };
		50EBAC811B565F090047A49E /* ofxUIMultiImageToggle.h */ = {isa = PBXFileReference; fileEncoding = 4; lastKnownFileType = sourcecode.c.h; path = ofxUIMultiImageToggle.h; sourceTree = "<group>"; };
		50EBAC821B565F090047A49E /* ofxUINumberDialer.cpp */ = {isa = PBXFileReference; fileEncoding = 4; lastKnownFileType = sourcecode.cpp.cpp; path = ofxUINumberDialer.cpp; sourceTree = "<group>"; };
		50EBAC831B565F090047A49E /* ofxUINumberDialer.h */ = {isa = PBXFileReference; fileEncoding = 4; lastKnownFileType = sourcecode.c.h; path = ofxUINumberDialer.h; sourceTree = "<group>"; };
		50EBAC841B565F090047A49E /* ofxUIOFWrapper.h */ = {isa = PBXFileReference; fileEncoding = 4; lastKnownFileType = sourcecode.c.h; path = ofxUIOFWrapper.h; sourceTree = "<group>"; };
		50EBAC851B565F090047A49E /* ofxUIRadio.cpp */ = {isa = PBXFileReference; fileEncoding = 4; lastKnownFileType = sourcecode.cpp.cpp; path = ofxUIRadio.cpp; sourceTree = "<group>"; };
		50EBAC861B565F090047A49E /* ofxUIRadio.h */ = {isa = PBXFileReference; fileEncoding = 4; lastKnownFileType = sourcecode.c.h; path = ofxUIRadio.h; sourceTree = "<group>"; };
		50EBAC871B565F090047A49E /* ofxUIRangeSlider.cpp */ = {isa = PBXFileReference; fileEncoding = 4; lastKnownFileType = sourcecode.cpp.cpp; path = ofxUIRangeSlider.cpp; sourceTree = "<group>"; };
		50EBAC881B565F090047A49E /* ofxUIRangeSlider.h */ = {isa = PBXFileReference; fileEncoding = 4; lastKnownFileType = sourcecode.c.h; path = ofxUIRangeSlider.h; sourceTree = "<group>"; };
		50EBAC891B565F090047A49E /* ofxUIRectangle.cpp */ = {isa = PBXFileReference; fileEncoding = 4; lastKnownFileType = sourcecode.cpp.cpp; path = ofxUIRectangle.cpp; sourceTree = "<group>"; };
		50EBAC8A1B565F090047A49E /* ofxUIRectangle.h */ = {isa = PBXFileReference; fileEncoding = 4; lastKnownFileType = sourcecode.c.h; path = ofxUIRectangle.h; sourceTree = "<group>"; };
		50EBAC8B1B565F090047A49E /* ofxUIRotarySlider.cpp */ = {isa = PBXFileReference; fileEncoding = 4; lastKnownFileType = sourcecode.cpp.cpp; path = ofxUIRotarySlider.cpp; sourceTree = "<group>"; };
		50EBAC8C1B565F090047A49E /* ofxUIRotarySlider.h */ = {isa = PBXFileReference; fileEncoding = 4; lastKnownFileType = sourcecode.c.h; path = ofxUIRotarySlider.h; sourceTree = "<group>"; };
		50EBAC8D1B565F090047A49E /* ofxUIScrollableCanvas.cpp */ = {isa = PBXFileReference; fileEncoding = 4; lastKnownFileType = sourcecode.cpp.cpp; path = ofxUIScrollableCanvas.cpp; sourceTree = "<group>"; };
		50EBAC8E1B565F090047A49E /* ofxUIScrollableCanvas.h */ = {isa = PBXFileReference; fileEncoding = 4; lastKnownFileType = sourcecode.c.h; path = ofxUIScrollableCanvas.h; sourceTree = "<group>"; };
		50EBAC8F1B565F090047A49E /* ofxUISlider.cpp */ = {isa = PBXFileReference; fileEncoding = 4; lastKnownFileType = sourcecode.cpp.cpp; path = ofxUISlider.cpp; sourceTree = "<group>"; };
		50EBAC901B565F090047A49E /* ofxUISlider.h */ = {isa = PBXFileReference; fileEncoding = 4; lastKnownFileType = sourcecode.c.h; path = ofxUISlider.h; sourceTree = "<group>"; };
		50EBAC911B565F090047A49E /* ofxUISortableList.cpp */ = {isa = PBXFileReference; fileEncoding = 4; lastKnownFileType = sourcecode.cpp.cpp; path = ofxUISortableList.cpp; sourceTree = "<group>"; };
		50EBAC921B565F090047A49E /* ofxUISortableList.h */ = {isa = PBXFileReference; fileEncoding = 4; lastKnownFileType = sourcecode.c.h; path = ofxUISortableList.h; sourceTree = "<group>"; };
		50EBAC931B565F090047A49E /* ofxUISpacer.cpp */ = {isa = PBXFileReference; fileEncoding = 4; lastKnownFileType = sourcecode.cpp.cpp; path = ofxUISpacer.cpp; sourceTree = "<group>"; };
		50EBAC941B565F090047A49E /* ofxUISpacer.h */ = {isa = PBXFileReference; fileEncoding = 4; lastKnownFileType = sourcecode.c.h; path = ofxUISpacer.h; sourceTree = "<group>"; };
		50EBAC951B565F090047A49E /* ofxUISpectrum.cpp */ = {isa = PBXFileReference; fileEncoding = 4; lastKnownFileType = sourcecode.cpp.cpp; path = ofxUISpectrum.cpp; sourceTree = "<group>"; };
		50EBAC961B565F090047A49E /* ofxUISpectrum.h */ = {isa = PBXFileReference; fileEncoding = 4; lastKnownFileType = sourcecode.c.h; path = ofxUISpectrum.h; sourceTree = "<group>"; };
		50EBAC971B565F090047A49E /* ofxUISuperCanvas.cpp */ = {isa = PBXFileReference; fileEncoding = 4; lastKnownFileType = sourcecode.cpp.cpp; path = ofxUISuperCanvas.cpp; sourceTree = "<group>"; };
		50EBAC981B565F090047A49E /* ofxUISuperCanvas.h */ = {isa = PBXFileReference; fileEncoding = 4; lastKnownFileType = sourcecode.c.h; path = ofxUISuperCanvas.h; sourceTree = "<group>"; };
		50EBAC991B565F090047A49E /* ofxUITabBar.cpp */ = {isa = PBXFileReference; fileEncoding = 4; lastKnownFileType = sourcecode.cpp.cpp; path = ofxUITabBar.cpp; sourceTree = "<group>"; };
		50EBAC9A1B565F090047A49E /* ofxUITabBar.h */ = {isa = PBXFileReference; fileEncoding = 4; lastKnownFileType = sourcecode.c.h; path = ofxUITabBar.h; sourceTree = "<group>"; };
		50EBAC9B1B565F090047A49E /* ofxUITextArea.cpp */ = {isa = PBXFileReference; fileEncoding = 4; lastKnownFileType = sourcecode.cpp.cpp; path = ofxUITextArea.cpp; sourceTree = "<group>"; };
		50EBAC9C1B565F090047A49E /* ofxUITextArea.h */ = {isa = PBXFileReference; fileEncoding = 4; lastKnownFileType = sourcecode.c.h; path = ofxUITextArea.h; sourceTree = "<group>"; };
		50EBAC9D1B565F090047A49E /* ofxUITextInput.cpp */ = {isa = PBXFileReference; fileEncoding = 4; lastKnownFileType = sourcecode.cpp.cpp; path = ofxUITextInput.cpp; sourceTree = "<group>"; };
		50EBAC9E1B565F090047A49E /* ofxUITextInput.h */ = {isa = PBXFileReference; fileEncoding = 4; lastKnownFileType = sourcecode.c.h; path = ofxUITextInput.h; sourceTree = "<group>"; };
		50EBAC9F1B565F090047A49E /* ofxUIToggle.cpp */ = {isa = PBXFileReference; fileEncoding = 4; lastKnownFileType = sourcecode.cpp.cpp; path = ofxUIToggle.cpp; sourceTree = "<group>"; };
		50EBACA01B565F090047A49E /* ofxUIToggle.h */ = {isa = PBXFileReference; fileEncoding = 4; lastKnownFileType = sourcecode.c.h; path = ofxUIToggle.h; sourceTree = "<group>"; };
		50EBACA11B565F090047A49E /* ofxUIToggleMatrix.cpp */ = {isa = PBXFileReference; fileEncoding = 4; lastKnownFileType = sourcecode.cpp.cpp; path = ofxUIToggleMatrix.cpp; sourceTree = "<group>"; };
		50EBACA21B565F090047A49E /* ofxUIToggleMatrix.h */ = {isa = PBXFileReference; fileEncoding = 4; lastKnownFileType = sourcecode.c.h; path = ofxUIToggleMatrix.h; sourceTree = "<group>"; };
		50EBACA31B565F090047A49E /* ofxUIUtils.h */ = {isa = PBXFileReference; fileEncoding = 4; lastKnownFileType = sourcecode.c.h; path = ofxUIUtils.h; sourceTree = "<group>"; };
		50EBACA41B565F0A0047A49E /* ofxUIValuePlotter.cpp */ = {isa = PBXFileReference; fileEncoding = 4; lastKnownFileType = sourcecode.cpp.cpp; path = ofxUIValuePlotter.cpp; sourceTree = "<group>"; };
		50EBACA51B565F0A0047A49E /* ofxUIValuePlotter.h */ = {isa = PBXFileReference; fileEncoding = 4; lastKnownFileType = sourcecode.c.h; path = ofxUIValuePlotter.h; sourceTree = "<group>"; };
		50EBACA61B565F0A0047A49E /* ofxUIWaveform.cpp */ = {isa = PBXFileReference; fileEncoding = 4; lastKnownFileType = sourcecode.cpp.cpp; path = ofxUIWaveform.cpp; sourceTree = "<group>"; };
		50EBACA71B565F0A0047A49E /* ofxUIWaveform.h */ = {isa = PBXFileReference; fileEncoding = 4; lastKnownFileType = sourcecode.c.h; path = ofxUIWaveform.h; sourceTree = "<group>"; };
		50EBACA81B565F0A0047A49E /* ofxUIWidget.cpp */ = {isa = PBXFileReference; fileEncoding = 4; lastKnownFileType = sourcecode.cpp.cpp; path = ofxUIWidget.cpp; sourceTree = "<group>"; };
		50EBACA91B565F0A0047A49E /* ofxUIWidget.h */ = {isa = PBXFileReference; fileEncoding = 4; lastKnownFileType = sourcecode.c.h; path = ofxUIWidget.h; sourceTree = "<group>"; };
		50EBACAA1B565F0A0047A49E /* ofxUIWidgets.h */ = {isa = PBXFileReference; fileEncoding = 4; lastKnownFileType = sourcecode.c.h; path = ofxUIWidgets.h; sourceTree = "<group>"; };
		50EBACAB1B565F0A0047A49E /* ofxUIWidgetWithLabel.cpp */ = {isa = PBXFileReference; fileEncoding = 4; lastKnownFileType = sourcecode.cpp.cpp; path = ofxUIWidgetWithLabel.cpp; sourceTree = "<group>"; };
		50EBACAC1B565F0A0047A49E /* ofxUIWidgetWithLabel.h */ = {isa = PBXFileReference; fileEncoding = 4; lastKnownFileType = sourcecode.c.h; path = ofxUIWidgetWithLabel.h; sourceTree = "<group>"; };
		50EBACAD1B565F0A0047A49E /* ofxUIWrapper.h */ = {isa = PBXFileReference; fileEncoding = 4; lastKnownFileType = sourcecode.c.h; path = ofxUIWrapper.h; sourceTree = "<group>"; };
		50EBACDE1B565F680047A49E /* tinyxml.cpp */ = {isa = PBXFileReference; fileEncoding = 4; lastKnownFileType = sourcecode.cpp.cpp; path = tinyxml.cpp; sourceTree = "<group>"; };
		50EBACDF1B565F680047A49E /* tinyxml.h */ = {isa = PBXFileReference; fileEncoding = 4; lastKnownFileType = sourcecode.c.h; path = tinyxml.h; sourceTree = "<group>"; };
		50EBACE01B565F680047A49E /* tinyxmlerror.cpp */ = {isa = PBXFileReference; fileEncoding = 4; lastKnownFileType = sourcecode.cpp.cpp; path = tinyxmlerror.cpp; sourceTree = "<group>"; };
		50EBACE11B565F680047A49E /* tinyxmlparser.cpp */ = {isa = PBXFileReference; fileEncoding = 4; lastKnownFileType = sourcecode.cpp.cpp; path = tinyxmlparser.cpp; sourceTree = "<group>"; };
		50EBACE31B565F680047A49E /* ofxXmlSettings.cpp */ = {isa = PBXFileReference; fileEncoding = 4; lastKnownFileType = sourcecode.cpp.cpp; path = ofxXmlSettings.cpp; sourceTree = "<group>"; };
		50EBACE41B565F680047A49E /* ofxXmlSettings.h */ = {isa = PBXFileReference; fileEncoding = 4; lastKnownFileType = sourcecode.c.h; path = ofxXmlSettings.h; sourceTree = "<group>"; };
		582921BA98D224ED41833868 /* svgtiny_gradient.cpp */ = {isa = PBXFileReference; explicitFileType = sourcecode.cpp.cpp; fileEncoding = 30; name = svgtiny_gradient.cpp; path = ../../../addons/ofxSvg/libs/svgTiny/src/svgtiny_gradient.cpp; sourceTree = SOURCE_ROOT; };
		5F118C5DAAA61D8DB376BB3F /* svgtiny_internal.h */ = {isa = PBXFileReference; explicitFileType = sourcecode.c.h; fileEncoding = 30; name = svgtiny_internal.h; path = ../../../addons/ofxSvg/libs/svgTiny/src/svgtiny_internal.h; sourceTree = SOURCE_ROOT; };
		8AF5CDE1B5F658D7DE6849D5 /* svgtiny.h */ = {isa = PBXFileReference; explicitFileType = sourcecode.c.h; fileEncoding = 30; name = svgtiny.h; path = ../../../addons/ofxSvg/libs/svgTiny/src/svgtiny.h; sourceTree = SOURCE_ROOT; };
		B9E16009E1772C6D00B20013 /* ofxSvg.cpp */ = {isa = PBXFileReference; explicitFileType = sourcecode.cpp.cpp; fileEncoding = 30; name = ofxSvg.cpp; path = ../../../addons/ofxSvg/src/ofxSvg.cpp; sourceTree = SOURCE_ROOT; };
		BBAB23BE13894E4700AA2426 /* GLUT.framework */ = {isa = PBXFileReference; lastKnownFileType = wrapper.framework; name = GLUT.framework; path = ../../../libs/glut/lib/osx/GLUT.framework; sourceTree = "<group>"; };
		E4328143138ABC890047C5CB /* openFrameworksLib.xcodeproj */ = {isa = PBXFileReference; lastKnownFileType = "wrapper.pb-project"; name = openFrameworksLib.xcodeproj; path = ../../../libs/openFrameworksCompiled/project/osx/openFrameworksLib.xcodeproj; sourceTree = SOURCE_ROOT; };
		E45BE9710E8CC7DD009D7055 /* AGL.framework */ = {isa = PBXFileReference; lastKnownFileType = wrapper.framework; name = AGL.framework; path = /System/Library/Frameworks/AGL.framework; sourceTree = "<absolute>"; };
		E45BE9720E8CC7DD009D7055 /* ApplicationServices.framework */ = {isa = PBXFileReference; lastKnownFileType = wrapper.framework; name = ApplicationServices.framework; path = /System/Library/Frameworks/ApplicationServices.framework; sourceTree = "<absolute>"; };
		E45BE9730E8CC7DD009D7055 /* AudioToolbox.framework */ = {isa = PBXFileReference; lastKnownFileType = wrapper.framework; name = AudioToolbox.framework; path = /System/Library/Frameworks/AudioToolbox.framework; sourceTree = "<absolute>"; };
		E45BE9750E8CC7DD009D7055 /* CoreAudio.framework */ = {isa = PBXFileReference; lastKnownFileType = wrapper.framework; name = CoreAudio.framework; path = /System/Library/Frameworks/CoreAudio.framework; sourceTree = "<absolute>"; };
		E45BE9760E8CC7DD009D7055 /* CoreFoundation.framework */ = {isa = PBXFileReference; lastKnownFileType = wrapper.framework; name = CoreFoundation.framework; path = /System/Library/Frameworks/CoreFoundation.framework; sourceTree = "<absolute>"; };
		E45BE9770E8CC7DD009D7055 /* CoreServices.framework */ = {isa = PBXFileReference; lastKnownFileType = wrapper.framework; name = CoreServices.framework; path = /System/Library/Frameworks/CoreServices.framework; sourceTree = "<absolute>"; };
		E45BE9790E8CC7DD009D7055 /* OpenGL.framework */ = {isa = PBXFileReference; lastKnownFileType = wrapper.framework; name = OpenGL.framework; path = /System/Library/Frameworks/OpenGL.framework; sourceTree = "<absolute>"; };
		E45BE97A0E8CC7DD009D7055 /* QuickTime.framework */ = {isa = PBXFileReference; lastKnownFileType = wrapper.framework; name = QuickTime.framework; path = /System/Library/Frameworks/QuickTime.framework; sourceTree = "<absolute>"; };
		E4B69B5B0A3A1756003C02F2 /* poly_0715_001Debug.app */ = {isa = PBXFileReference; explicitFileType = wrapper.application; includeInIndex = 0; path = poly_0715_001Debug.app; sourceTree = BUILT_PRODUCTS_DIR; };
		E4B69E1D0A3A1BDC003C02F2 /* main.cpp */ = {isa = PBXFileReference; fileEncoding = 30; lastKnownFileType = sourcecode.cpp.cpp; name = main.cpp; path = src/main.cpp; sourceTree = SOURCE_ROOT; };
		E4B69E1E0A3A1BDC003C02F2 /* ofApp.cpp */ = {isa = PBXFileReference; explicitFileType = sourcecode.cpp.cpp; fileEncoding = 4; name = ofApp.cpp; path = src/ofApp.cpp; sourceTree = SOURCE_ROOT; };
		E4B69E1F0A3A1BDC003C02F2 /* ofApp.h */ = {isa = PBXFileReference; fileEncoding = 4; lastKnownFileType = sourcecode.c.h; name = ofApp.h; path = src/ofApp.h; sourceTree = SOURCE_ROOT; };
		E4B6FCAD0C3E899E008CF71C /* openFrameworks-Info.plist */ = {isa = PBXFileReference; fileEncoding = 30; lastKnownFileType = text.plist.xml; path = "openFrameworks-Info.plist"; sourceTree = "<group>"; };
		E4C2424410CC5A17004149E2 /* AppKit.framework */ = {isa = PBXFileReference; lastKnownFileType = wrapper.framework; name = AppKit.framework; path = /System/Library/Frameworks/AppKit.framework; sourceTree = "<absolute>"; };
		E4C2424510CC5A17004149E2 /* Cocoa.framework */ = {isa = PBXFileReference; lastKnownFileType = wrapper.framework; name = Cocoa.framework; path = /System/Library/Frameworks/Cocoa.framework; sourceTree = "<absolute>"; };
		E4C2424610CC5A17004149E2 /* IOKit.framework */ = {isa = PBXFileReference; lastKnownFileType = wrapper.framework; name = IOKit.framework; path = /System/Library/Frameworks/IOKit.framework; sourceTree = "<absolute>"; };
		E4EB691F138AFCF100A09F29 /* CoreOF.xcconfig */ = {isa = PBXFileReference; fileEncoding = 4; lastKnownFileType = text.xcconfig; name = CoreOF.xcconfig; path = ../../../libs/openFrameworksCompiled/project/osx/CoreOF.xcconfig; sourceTree = SOURCE_ROOT; };
		E4EB6923138AFD0F00A09F29 /* Project.xcconfig */ = {isa = PBXFileReference; fileEncoding = 4; lastKnownFileType = text.xcconfig; path = Project.xcconfig; sourceTree = "<group>"; };
		E7E077E415D3B63C0020DFD4 /* CoreVideo.framework */ = {isa = PBXFileReference; lastKnownFileType = wrapper.framework; name = CoreVideo.framework; path = /System/Library/Frameworks/CoreVideo.framework; sourceTree = "<absolute>"; };
		E7E077E715D3B6510020DFD4 /* QTKit.framework */ = {isa = PBXFileReference; lastKnownFileType = wrapper.framework; name = QTKit.framework; path = /System/Library/Frameworks/QTKit.framework; sourceTree = "<absolute>"; };
		E7F985F515E0DE99003869B5 /* Accelerate.framework */ = {isa = PBXFileReference; lastKnownFileType = wrapper.framework; name = Accelerate.framework; path = /System/Library/Frameworks/Accelerate.framework; sourceTree = "<absolute>"; };
		E91F55DEDD14B7F4BACED9B4 /* ofxSvg.h */ = {isa = PBXFileReference; explicitFileType = sourcecode.c.h; fileEncoding = 30; name = ofxSvg.h; path = ../../../addons/ofxSvg/src/ofxSvg.h; sourceTree = SOURCE_ROOT; };
/* End PBXFileReference section */

/* Begin PBXFrameworksBuildPhase section */
		E4B69B590A3A1756003C02F2 /* Frameworks */ = {
			isa = PBXFrameworksBuildPhase;
			buildActionMask = 2147483647;
			files = (
				E7F985F815E0DEA3003869B5 /* Accelerate.framework in Frameworks */,
				E7E077E815D3B6510020DFD4 /* QTKit.framework in Frameworks */,
				E4EB6799138ADC1D00A09F29 /* GLUT.framework in Frameworks */,
				E4328149138ABC9F0047C5CB /* openFrameworksDebug.a in Frameworks */,
				E45BE97B0E8CC7DD009D7055 /* AGL.framework in Frameworks */,
				E45BE97C0E8CC7DD009D7055 /* ApplicationServices.framework in Frameworks */,
				E45BE97D0E8CC7DD009D7055 /* AudioToolbox.framework in Frameworks */,
				E45BE97F0E8CC7DD009D7055 /* CoreAudio.framework in Frameworks */,
				E45BE9800E8CC7DD009D7055 /* CoreFoundation.framework in Frameworks */,
				E45BE9810E8CC7DD009D7055 /* CoreServices.framework in Frameworks */,
				E45BE9830E8CC7DD009D7055 /* OpenGL.framework in Frameworks */,
				E45BE9840E8CC7DD009D7055 /* QuickTime.framework in Frameworks */,
				E4C2424710CC5A17004149E2 /* AppKit.framework in Frameworks */,
				E4C2424810CC5A17004149E2 /* Cocoa.framework in Frameworks */,
				E4C2424910CC5A17004149E2 /* IOKit.framework in Frameworks */,
				E7E077E515D3B63C0020DFD4 /* CoreVideo.framework in Frameworks */,
			);
			runOnlyForDeploymentPostprocessing = 0;
		};
/* End PBXFrameworksBuildPhase section */

/* Begin PBXGroup section */
		31941BAC71B339F7A3E32124 /* svgTiny */ = {
			isa = PBXGroup;
			children = (
				5CE3B297CDC4075D3D2398C5 /* src */,
			);
			name = svgTiny;
			sourceTree = "<group>";
		};
		50EBAC4B1B565F090047A49E /* ofxUI */ = {
			isa = PBXGroup;
			children = (
				50EBAC4C1B565F090047A49E /* .gitignore */,
				50EBAC4D1B565F090047A49E /* ofxaddons_thumbnail.png */,
				50EBAC4E1B565F090047A49E /* README.md */,
				50EBAC4F1B565F090047A49E /* src */,
			);
			name = ofxUI;
			path = ../../../addons/ofxUI;
			sourceTree = "<group>";
		};
		50EBAC4F1B565F090047A49E /* src */ = {
			isa = PBXGroup;
			children = (
				50EBAC501B565F090047A49E /* ofxUI.h */,
				50EBAC511B565F090047A49E /* ofxUI2DGraph.cpp */,
				50EBAC521B565F090047A49E /* ofxUI2DGraph.h */,
				50EBAC531B565F090047A49E /* ofxUI2DPad.cpp */,
				50EBAC541B565F090047A49E /* ofxUI2DPad.h */,
				50EBAC551B565F090047A49E /* ofxUIBaseDraws.cpp */,
				50EBAC561B565F090047A49E /* ofxUIBaseDraws.h */,
				50EBAC571B565F090047A49E /* ofxUIBiLabelSlider.cpp */,
				50EBAC581B565F090047A49E /* ofxUIBiLabelSlider.h */,
				50EBAC591B565F090047A49E /* ofxUIButton.cpp */,
				50EBAC5A1B565F090047A49E /* ofxUIButton.h */,
				50EBAC5B1B565F090047A49E /* ofxUICanvas.cpp */,
				50EBAC5C1B565F090047A49E /* ofxUICanvas.h */,
				50EBAC5D1B565F090047A49E /* ofxUICircleSlider.cpp */,
				50EBAC5E1B565F090047A49E /* ofxUICircleSlider.h */,
				50EBAC5F1B565F090047A49E /* ofxUIDefines.h */,
				50EBAC601B565F090047A49E /* ofxUIDragableLabelButton.cpp */,
				50EBAC611B565F090047A49E /* ofxUIDragableLabelButton.h */,
				50EBAC621B565F090047A49E /* ofxUIDropDownList.cpp */,
				50EBAC631B565F090047A49E /* ofxUIDropDownList.h */,
				50EBAC641B565F090047A49E /* ofxUIEventArgs.cpp */,
				50EBAC651B565F090047A49E /* ofxUIEventArgs.h */,
				50EBAC661B565F090047A49E /* ofxUIFPS.cpp */,
				50EBAC671B565F090047A49E /* ofxUIFPS.h */,
				50EBAC681B565F090047A49E /* ofxUIFPSSlider.cpp */,
				50EBAC691B565F090047A49E /* ofxUIFPSSlider.h */,
				50EBAC6A1B565F090047A49E /* ofxUIImage.cpp */,
				50EBAC6B1B565F090047A49E /* ofxUIImage.h */,
				50EBAC6C1B565F090047A49E /* ofxUIImageButton.cpp */,
				50EBAC6D1B565F090047A49E /* ofxUIImageButton.h */,
				50EBAC6E1B565F090047A49E /* ofxUIImageSampler.cpp */,
				50EBAC6F1B565F090047A49E /* ofxUIImageSampler.h */,
				50EBAC701B565F090047A49E /* ofxUIImageSlider.cpp */,
				50EBAC711B565F090047A49E /* ofxUIImageSlider.h */,
				50EBAC721B565F090047A49E /* ofxUIImageToggle.cpp */,
				50EBAC731B565F090047A49E /* ofxUIImageToggle.h */,
				50EBAC741B565F090047A49E /* ofxUILabel.cpp */,
				50EBAC751B565F090047A49E /* ofxUILabel.h */,
				50EBAC761B565F090047A49E /* ofxUILabelButton.cpp */,
				50EBAC771B565F090047A49E /* ofxUILabelButton.h */,
				50EBAC781B565F090047A49E /* ofxUILabelToggle.cpp */,
				50EBAC791B565F090047A49E /* ofxUILabelToggle.h */,
				50EBAC7A1B565F090047A49E /* ofxUIMinimalSlider.cpp */,
				50EBAC7B1B565F090047A49E /* ofxUIMinimalSlider.h */,
				50EBAC7C1B565F090047A49E /* ofxUIMovingGraph.cpp */,
				50EBAC7D1B565F090047A49E /* ofxUIMovingGraph.h */,
				50EBAC7E1B565F090047A49E /* ofxUIMultiImageButton.cpp */,
				50EBAC7F1B565F090047A49E /* ofxUIMultiImageButton.h */,
				50EBAC801B565F090047A49E /* ofxUIMultiImageToggle.cpp */,
				50EBAC811B565F090047A49E /* ofxUIMultiImageToggle.h */,
				50EBAC821B565F090047A49E /* ofxUINumberDialer.cpp */,
				50EBAC831B565F090047A49E /* ofxUINumberDialer.h */,
				50EBAC841B565F090047A49E /* ofxUIOFWrapper.h */,
				50EBAC851B565F090047A49E /* ofxUIRadio.cpp */,
				50EBAC861B565F090047A49E /* ofxUIRadio.h */,
				50EBAC871B565F090047A49E /* ofxUIRangeSlider.cpp */,
				50EBAC881B565F090047A49E /* ofxUIRangeSlider.h */,
				50EBAC891B565F090047A49E /* ofxUIRectangle.cpp */,
				50EBAC8A1B565F090047A49E /* ofxUIRectangle.h */,
				50EBAC8B1B565F090047A49E /* ofxUIRotarySlider.cpp */,
				50EBAC8C1B565F090047A49E /* ofxUIRotarySlider.h */,
				50EBAC8D1B565F090047A49E /* ofxUIScrollableCanvas.cpp */,
				50EBAC8E1B565F090047A49E /* ofxUIScrollableCanvas.h */,
				50EBAC8F1B565F090047A49E /* ofxUISlider.cpp */,
				50EBAC901B565F090047A49E /* ofxUISlider.h */,
				50EBAC911B565F090047A49E /* ofxUISortableList.cpp */,
				50EBAC921B565F090047A49E /* ofxUISortableList.h */,
				50EBAC931B565F090047A49E /* ofxUISpacer.cpp */,
				50EBAC941B565F090047A49E /* ofxUISpacer.h */,
				50EBAC951B565F090047A49E /* ofxUISpectrum.cpp */,
				50EBAC961B565F090047A49E /* ofxUISpectrum.h */,
				50EBAC971B565F090047A49E /* ofxUISuperCanvas.cpp */,
				50EBAC981B565F090047A49E /* ofxUISuperCanvas.h */,
				50EBAC991B565F090047A49E /* ofxUITabBar.cpp */,
				50EBAC9A1B565F090047A49E /* ofxUITabBar.h */,
				50EBAC9B1B565F090047A49E /* ofxUITextArea.cpp */,
				50EBAC9C1B565F090047A49E /* ofxUITextArea.h */,
				50EBAC9D1B565F090047A49E /* ofxUITextInput.cpp */,
				50EBAC9E1B565F090047A49E /* ofxUITextInput.h */,
				50EBAC9F1B565F090047A49E /* ofxUIToggle.cpp */,
				50EBACA01B565F090047A49E /* ofxUIToggle.h */,
				50EBACA11B565F090047A49E /* ofxUIToggleMatrix.cpp */,
				50EBACA21B565F090047A49E /* ofxUIToggleMatrix.h */,
				50EBACA31B565F090047A49E /* ofxUIUtils.h */,
				50EBACA41B565F0A0047A49E /* ofxUIValuePlotter.cpp */,
				50EBACA51B565F0A0047A49E /* ofxUIValuePlotter.h */,
				50EBACA61B565F0A0047A49E /* ofxUIWaveform.cpp */,
				50EBACA71B565F0A0047A49E /* ofxUIWaveform.h */,
				50EBACA81B565F0A0047A49E /* ofxUIWidget.cpp */,
				50EBACA91B565F0A0047A49E /* ofxUIWidget.h */,
				50EBACAA1B565F0A0047A49E /* ofxUIWidgets.h */,
				50EBACAB1B565F0A0047A49E /* ofxUIWidgetWithLabel.cpp */,
				50EBACAC1B565F0A0047A49E /* ofxUIWidgetWithLabel.h */,
				50EBACAD1B565F0A0047A49E /* ofxUIWrapper.h */,
			);
			path = src;
			sourceTree = "<group>";
		};
		50EBACDC1B565F680047A49E /* ofxXmlSettings */ = {
			isa = PBXGroup;
			children = (
				50EBACDD1B565F680047A49E /* libs */,
				50EBACE21B565F680047A49E /* src */,
			);
			name = ofxXmlSettings;
			path = ../../../addons/ofxXmlSettings;
			sourceTree = "<group>";
		};
		50EBACDD1B565F680047A49E /* libs */ = {
			isa = PBXGroup;
			children = (
				50EBACDE1B565F680047A49E /* tinyxml.cpp */,
				50EBACDF1B565F680047A49E /* tinyxml.h */,
				50EBACE01B565F680047A49E /* tinyxmlerror.cpp */,
				50EBACE11B565F680047A49E /* tinyxmlparser.cpp */,
			);
			path = libs;
			sourceTree = "<group>";
		};
		50EBACE21B565F680047A49E /* src */ = {
			isa = PBXGroup;
			children = (
				50EBACE31B565F680047A49E /* ofxXmlSettings.cpp */,
				50EBACE41B565F680047A49E /* ofxXmlSettings.h */,
			);
			path = src;
			sourceTree = "<group>";
		};
		5CE3B297CDC4075D3D2398C5 /* src */ = {
			isa = PBXGroup;
			children = (
				27DFA5E4C611C297AADB2002 /* src_colors.cpp */,
				38BC601AD0A2F4F2319D1460 /* svgtiny.cpp */,
				8AF5CDE1B5F658D7DE6849D5 /* svgtiny.h */,
				582921BA98D224ED41833868 /* svgtiny_gradient.cpp */,
				5F118C5DAAA61D8DB376BB3F /* svgtiny_internal.h */,
				077F7AC989DAB289A1EC643F /* svgtiny_list.cpp */,
			);
			name = src;
			sourceTree = "<group>";
		};
		BB4B014C10F69532006C3DED /* addons */ = {
			isa = PBXGroup;
			children = (
				50EBACDC1B565F680047A49E /* ofxXmlSettings */,
				50EBAC4B1B565F090047A49E /* ofxUI */,
				F5F1F1EF8441E64FD46F07C8 /* ofxSvg */,
			);
			name = addons;
			sourceTree = "<group>";
		};
		BBAB23C913894ECA00AA2426 /* system frameworks */ = {
			isa = PBXGroup;
			children = (
				E7F985F515E0DE99003869B5 /* Accelerate.framework */,
				E4C2424410CC5A17004149E2 /* AppKit.framework */,
				E4C2424510CC5A17004149E2 /* Cocoa.framework */,
				E4C2424610CC5A17004149E2 /* IOKit.framework */,
				E45BE9710E8CC7DD009D7055 /* AGL.framework */,
				E45BE9720E8CC7DD009D7055 /* ApplicationServices.framework */,
				E45BE9730E8CC7DD009D7055 /* AudioToolbox.framework */,
				E45BE9750E8CC7DD009D7055 /* CoreAudio.framework */,
				E45BE9760E8CC7DD009D7055 /* CoreFoundation.framework */,
				E45BE9770E8CC7DD009D7055 /* CoreServices.framework */,
				E45BE9790E8CC7DD009D7055 /* OpenGL.framework */,
				E45BE97A0E8CC7DD009D7055 /* QuickTime.framework */,
				E7E077E415D3B63C0020DFD4 /* CoreVideo.framework */,
				E7E077E715D3B6510020DFD4 /* QTKit.framework */,
			);
			name = "system frameworks";
			sourceTree = "<group>";
		};
		BBAB23CA13894EDB00AA2426 /* 3rd party frameworks */ = {
			isa = PBXGroup;
			children = (
				BBAB23BE13894E4700AA2426 /* GLUT.framework */,
			);
			name = "3rd party frameworks";
			sourceTree = "<group>";
		};
		BF0BF2682B4F1C8B2D7A515B /* libs */ = {
			isa = PBXGroup;
			children = (
				31941BAC71B339F7A3E32124 /* svgTiny */,
			);
			name = libs;
			sourceTree = "<group>";
		};
		DBB3EF673AE7E843FD50910D /* src */ = {
			isa = PBXGroup;
			children = (
				B9E16009E1772C6D00B20013 /* ofxSvg.cpp */,
				E91F55DEDD14B7F4BACED9B4 /* ofxSvg.h */,
			);
			name = src;
			sourceTree = "<group>";
		};
		E4328144138ABC890047C5CB /* Products */ = {
			isa = PBXGroup;
			children = (
				E4328148138ABC890047C5CB /* openFrameworksDebug.a */,
			);
			name = Products;
			sourceTree = "<group>";
		};
		E45BE5980E8CC70C009D7055 /* frameworks */ = {
			isa = PBXGroup;
			children = (
				BBAB23CA13894EDB00AA2426 /* 3rd party frameworks */,
				BBAB23C913894ECA00AA2426 /* system frameworks */,
			);
			name = frameworks;
			sourceTree = "<group>";
		};
		E4B69B4A0A3A1720003C02F2 = {
			isa = PBXGroup;
			children = (
				E4B6FCAD0C3E899E008CF71C /* openFrameworks-Info.plist */,
				E4EB6923138AFD0F00A09F29 /* Project.xcconfig */,
				E4B69E1C0A3A1BDC003C02F2 /* src */,
				E4EEC9E9138DF44700A80321 /* openFrameworks */,
				BB4B014C10F69532006C3DED /* addons */,
				E45BE5980E8CC70C009D7055 /* frameworks */,
				E4B69B5B0A3A1756003C02F2 /* poly_0715_001Debug.app */,
			);
			sourceTree = "<group>";
		};
		E4B69E1C0A3A1BDC003C02F2 /* src */ = {
			isa = PBXGroup;
			children = (
				E4B69E1D0A3A1BDC003C02F2 /* main.cpp */,
				E4B69E1E0A3A1BDC003C02F2 /* ofApp.cpp */,
				E4B69E1F0A3A1BDC003C02F2 /* ofApp.h */,
			);
			path = src;
			sourceTree = SOURCE_ROOT;
		};
		E4EEC9E9138DF44700A80321 /* openFrameworks */ = {
			isa = PBXGroup;
			children = (
				E4EB691F138AFCF100A09F29 /* CoreOF.xcconfig */,
				E4328143138ABC890047C5CB /* openFrameworksLib.xcodeproj */,
			);
			name = openFrameworks;
			sourceTree = "<group>";
		};
		F5F1F1EF8441E64FD46F07C8 /* ofxSvg */ = {
			isa = PBXGroup;
			children = (
				DBB3EF673AE7E843FD50910D /* src */,
				BF0BF2682B4F1C8B2D7A515B /* libs */,
			);
			name = ofxSvg;
			sourceTree = "<group>";
		};
/* End PBXGroup section */

/* Begin PBXNativeTarget section */
		E4B69B5A0A3A1756003C02F2 /* poly_0715_001 */ = {
			isa = PBXNativeTarget;
			buildConfigurationList = E4B69B5F0A3A1757003C02F2 /* Build configuration list for PBXNativeTarget "poly_0715_001" */;
			buildPhases = (
				E4B69B580A3A1756003C02F2 /* Sources */,
				E4B69B590A3A1756003C02F2 /* Frameworks */,
				E4B6FFFD0C3F9AB9008CF71C /* ShellScript */,
				E4C2427710CC5ABF004149E2 /* CopyFiles */,
			);
			buildRules = (
			);
			dependencies = (
				E4EEB9AC138B136A00A80321 /* PBXTargetDependency */,
			);
			name = poly_0715_001;
			productName = myOFApp;
			productReference = E4B69B5B0A3A1756003C02F2 /* poly_0715_001Debug.app */;
			productType = "com.apple.product-type.application";
		};
/* End PBXNativeTarget section */

/* Begin PBXProject section */
		E4B69B4C0A3A1720003C02F2 /* Project object */ = {
			isa = PBXProject;
			attributes = {
				LastUpgradeCheck = 0460;
			};
			buildConfigurationList = E4B69B4D0A3A1720003C02F2 /* Build configuration list for PBXProject "poly_0715_001" */;
			compatibilityVersion = "Xcode 3.2";
			developmentRegion = English;
			hasScannedForEncodings = 0;
			knownRegions = (
				English,
				Japanese,
				French,
				German,
			);
			mainGroup = E4B69B4A0A3A1720003C02F2;
			productRefGroup = E4B69B4A0A3A1720003C02F2;
			projectDirPath = "";
			projectReferences = (
				{
					ProductGroup = E4328144138ABC890047C5CB /* Products */;
					ProjectRef = E4328143138ABC890047C5CB /* openFrameworksLib.xcodeproj */;
				},
			);
			projectRoot = "";
			targets = (
				E4B69B5A0A3A1756003C02F2 /* poly_0715_001 */,
			);
		};
/* End PBXProject section */

/* Begin PBXReferenceProxy section */
		E4328148138ABC890047C5CB /* openFrameworksDebug.a */ = {
			isa = PBXReferenceProxy;
			fileType = archive.ar;
			path = openFrameworksDebug.a;
			remoteRef = E4328147138ABC890047C5CB /* PBXContainerItemProxy */;
			sourceTree = BUILT_PRODUCTS_DIR;
		};
/* End PBXReferenceProxy section */

/* Begin PBXShellScriptBuildPhase section */
		E4B6FFFD0C3F9AB9008CF71C /* ShellScript */ = {
			isa = PBXShellScriptBuildPhase;
			buildActionMask = 2147483647;
			files = (
			);
			inputPaths = (
			);
			outputPaths = (
			);
			runOnlyForDeploymentPostprocessing = 0;
			shellPath = /bin/sh;
			shellScript = "cp -f ../../../libs/fmodex/lib/osx/libfmodex.dylib \"$TARGET_BUILD_DIR/$PRODUCT_NAME.app/Contents/MacOS/libfmodex.dylib\"; install_name_tool -change ./libfmodex.dylib @executable_path/libfmodex.dylib \"$TARGET_BUILD_DIR/$PRODUCT_NAME.app/Contents/MacOS/$PRODUCT_NAME\";\nmkdir -p \"$TARGET_BUILD_DIR/$PRODUCT_NAME.app/Contents/Resources/\"\ncp -f \"$ICON_FILE\" \"$TARGET_BUILD_DIR/$PRODUCT_NAME.app/Contents/Resources/\"\n";
		};
/* End PBXShellScriptBuildPhase section */

/* Begin PBXSourcesBuildPhase section */
		E4B69B580A3A1756003C02F2 /* Sources */ = {
			isa = PBXSourcesBuildPhase;
			buildActionMask = 2147483647;
			files = (
				50EBACAF1B565F0A0047A49E /* ofxUI2DGraph.cpp in Sources */,
				50EBACC11B565F0A0047A49E /* ofxUILabelButton.cpp in Sources */,
				E4B69E200A3A1BDC003C02F2 /* main.cpp in Sources */,
				50EBACD91B565F0A0047A49E /* ofxUIWidget.cpp in Sources */,
				50EBACD21B565F0A0047A49E /* ofxUITabBar.cpp in Sources */,
				50EBACC91B565F0A0047A49E /* ofxUIRangeSlider.cpp in Sources */,
				50EBACC81B565F0A0047A49E /* ofxUIRadio.cpp in Sources */,
				50EBACB31B565F0A0047A49E /* ofxUIButton.cpp in Sources */,
				50EBACBC1B565F0A0047A49E /* ofxUIImageButton.cpp in Sources */,
				50EBACCD1B565F0A0047A49E /* ofxUISlider.cpp in Sources */,
				50EBACD41B565F0A0047A49E /* ofxUITextInput.cpp in Sources */,
				50EBACD01B565F0A0047A49E /* ofxUISpectrum.cpp in Sources */,
				50EBACC61B565F0A0047A49E /* ofxUIMultiImageToggle.cpp in Sources */,
				50EBACBD1B565F0A0047A49E /* ofxUIImageSampler.cpp in Sources */,
				50EBACCB1B565F0A0047A49E /* ofxUIRotarySlider.cpp in Sources */,
				50EBACD81B565F0A0047A49E /* ofxUIWaveform.cpp in Sources */,
				50EBACC21B565F0A0047A49E /* ofxUILabelToggle.cpp in Sources */,
				E4B69E210A3A1BDC003C02F2 /* ofApp.cpp in Sources */,
				50EBACCC1B565F0A0047A49E /* ofxUIScrollableCanvas.cpp in Sources */,
				50EBACB01B565F0A0047A49E /* ofxUI2DPad.cpp in Sources */,
				B88A57B4B0BA6191EF3571E9 /* ofxSvg.cpp in Sources */,
				50EBACBA1B565F0A0047A49E /* ofxUIFPSSlider.cpp in Sources */,
				50EBACB61B565F0A0047A49E /* ofxUIDragableLabelButton.cpp in Sources */,
				50EBACE71B565F680047A49E /* tinyxmlparser.cpp in Sources */,
				50EBACB91B565F0A0047A49E /* ofxUIFPS.cpp in Sources */,
				50EBACCF1B565F0A0047A49E /* ofxUISpacer.cpp in Sources */,
				50EBACD31B565F0A0047A49E /* ofxUITextArea.cpp in Sources */,
				50EBACD61B565F0A0047A49E /* ofxUIToggleMatrix.cpp in Sources */,
				50EBACB71B565F0A0047A49E /* ofxUIDropDownList.cpp in Sources */,
				50EBACC41B565F0A0047A49E /* ofxUIMovingGraph.cpp in Sources */,
				50EBACC51B565F0A0047A49E /* ofxUIMultiImageButton.cpp in Sources */,
				50EBACE61B565F680047A49E /* tinyxmlerror.cpp in Sources */,
				50EBACCA1B565F0A0047A49E /* ofxUIRectangle.cpp in Sources */,
				50EBACBB1B565F0A0047A49E /* ofxUIImage.cpp in Sources */,
				50EBACE81B565F680047A49E /* ofxXmlSettings.cpp in Sources */,
				6A565A9714A6A12EB9098F52 /* src_colors.cpp in Sources */,
				50EBACCE1B565F0A0047A49E /* ofxUISortableList.cpp in Sources */,
				50EBACB51B565F0A0047A49E /* ofxUICircleSlider.cpp in Sources */,
				1D6B78EF041B097CE4F423C4 /* svgtiny.cpp in Sources */,
				4294163B15857489B2176769 /* svgtiny_gradient.cpp in Sources */,
				50EBACC71B565F0A0047A49E /* ofxUINumberDialer.cpp in Sources */,
				50EBACB41B565F0A0047A49E /* ofxUICanvas.cpp in Sources */,
				50EBACC31B565F0A0047A49E /* ofxUIMinimalSlider.cpp in Sources */,
				50EBACD51B565F0A0047A49E /* ofxUIToggle.cpp in Sources */,
				50EBACBF1B565F0A0047A49E /* ofxUIImageToggle.cpp in Sources */,
				50EBACB21B565F0A0047A49E /* ofxUIBiLabelSlider.cpp in Sources */,
				50EBACAE1B565F0A0047A49E /* README.md in Sources */,
				50EBACDA1B565F0A0047A49E /* ofxUIWidgetWithLabel.cpp in Sources */,
				50EBACB11B565F0A0047A49E /* ofxUIBaseDraws.cpp in Sources */,
				50EBACC01B565F0A0047A49E /* ofxUILabel.cpp in Sources */,
				50EBACD71B565F0A0047A49E /* ofxUIValuePlotter.cpp in Sources */,
				1B5F996886A777589D5DD794 /* svgtiny_list.cpp in Sources */,
				50EBACBE1B565F0A0047A49E /* ofxUIImageSlider.cpp in Sources */,
				50EBACD11B565F0A0047A49E /* ofxUISuperCanvas.cpp in Sources */,
				50EBACB81B565F0A0047A49E /* ofxUIEventArgs.cpp in Sources */,
				50EBACE51B565F680047A49E /* tinyxml.cpp in Sources */,
			);
			runOnlyForDeploymentPostprocessing = 0;
		};
/* End PBXSourcesBuildPhase section */

/* Begin PBXTargetDependency section */
		E4EEB9AC138B136A00A80321 /* PBXTargetDependency */ = {
			isa = PBXTargetDependency;
			name = openFrameworks;
			targetProxy = E4EEB9AB138B136A00A80321 /* PBXContainerItemProxy */;
		};
/* End PBXTargetDependency section */

/* Begin XCBuildConfiguration section */
		E4B69B4E0A3A1720003C02F2 /* Debug */ = {
			isa = XCBuildConfiguration;
			baseConfigurationReference = E4EB6923138AFD0F00A09F29 /* Project.xcconfig */;
			buildSettings = {
				ARCHS = "$(NATIVE_ARCH)";
				CONFIGURATION_BUILD_DIR = "$(SRCROOT)/bin/";
				COPY_PHASE_STRIP = NO;
				DEAD_CODE_STRIPPING = YES;
				GCC_AUTO_VECTORIZATION = YES;
				GCC_ENABLE_SSE3_EXTENSIONS = YES;
				GCC_ENABLE_SUPPLEMENTAL_SSE3_INSTRUCTIONS = YES;
				GCC_INLINES_ARE_PRIVATE_EXTERN = NO;
				GCC_OPTIMIZATION_LEVEL = 0;
				GCC_SYMBOLS_PRIVATE_EXTERN = NO;
				GCC_WARN_ABOUT_DEPRECATED_FUNCTIONS = YES;
				GCC_WARN_ABOUT_INVALID_OFFSETOF_MACRO = NO;
				GCC_WARN_ALLOW_INCOMPLETE_PROTOCOL = NO;
				GCC_WARN_UNINITIALIZED_AUTOS = NO;
				GCC_WARN_UNUSED_VALUE = NO;
				GCC_WARN_UNUSED_VARIABLE = NO;
				HEADER_SEARCH_PATHS = (
					"$(OF_CORE_HEADERS)",
					../../../addons/ofxSvg/libs,
					../../../addons/ofxSvg/libs/svgTiny,
					../../../addons/ofxSvg/libs/svgTiny/src,
					../../../addons/ofxSvg/src,
				);
				MACOSX_DEPLOYMENT_TARGET = 10.6;
				OTHER_CPLUSPLUSFLAGS = (
					"-D__MACOSX_CORE__",
					"-lpthread",
					"-mtune=native",
				);
				SDKROOT = macosx;
			};
			name = Debug;
		};
		E4B69B4F0A3A1720003C02F2 /* Release */ = {
			isa = XCBuildConfiguration;
			baseConfigurationReference = E4EB6923138AFD0F00A09F29 /* Project.xcconfig */;
			buildSettings = {
				ARCHS = "$(NATIVE_ARCH)";
				CONFIGURATION_BUILD_DIR = "$(SRCROOT)/bin/";
				COPY_PHASE_STRIP = YES;
				DEAD_CODE_STRIPPING = YES;
				GCC_AUTO_VECTORIZATION = YES;
				GCC_ENABLE_SSE3_EXTENSIONS = YES;
				GCC_ENABLE_SUPPLEMENTAL_SSE3_INSTRUCTIONS = YES;
				GCC_INLINES_ARE_PRIVATE_EXTERN = NO;
				GCC_OPTIMIZATION_LEVEL = 3;
				GCC_SYMBOLS_PRIVATE_EXTERN = NO;
				GCC_UNROLL_LOOPS = YES;
				GCC_WARN_ABOUT_DEPRECATED_FUNCTIONS = YES;
				GCC_WARN_ABOUT_INVALID_OFFSETOF_MACRO = NO;
				GCC_WARN_ALLOW_INCOMPLETE_PROTOCOL = NO;
				GCC_WARN_UNINITIALIZED_AUTOS = NO;
				GCC_WARN_UNUSED_VALUE = NO;
				GCC_WARN_UNUSED_VARIABLE = NO;
				HEADER_SEARCH_PATHS = (
					"$(OF_CORE_HEADERS)",
					../../../addons/ofxSvg/libs,
					../../../addons/ofxSvg/libs/svgTiny,
					../../../addons/ofxSvg/libs/svgTiny/src,
					../../../addons/ofxSvg/src,
				);
				MACOSX_DEPLOYMENT_TARGET = 10.6;
				OTHER_CPLUSPLUSFLAGS = (
					"-D__MACOSX_CORE__",
					"-lpthread",
					"-mtune=native",
				);
				SDKROOT = macosx;
			};
			name = Release;
		};
		E4B69B600A3A1757003C02F2 /* Debug */ = {
			isa = XCBuildConfiguration;
			buildSettings = {
				COMBINE_HIDPI_IMAGES = YES;
				COPY_PHASE_STRIP = NO;
				FRAMEWORK_SEARCH_PATHS = (
					"$(inherited)",
					"$(FRAMEWORK_SEARCH_PATHS_QUOTED_FOR_TARGET_1)",
				);
				FRAMEWORK_SEARCH_PATHS_QUOTED_FOR_TARGET_1 = "\"$(SRCROOT)/../../../libs/glut/lib/osx\"";
				GCC_DYNAMIC_NO_PIC = NO;
				GCC_GENERATE_DEBUGGING_SYMBOLS = YES;
				GCC_MODEL_TUNING = NONE;
				ICON = "$(ICON_NAME_DEBUG)";
				ICON_FILE = "$(ICON_FILE_PATH)$(ICON)";
				INFOPLIST_FILE = "openFrameworks-Info.plist";
				INSTALL_PATH = "$(HOME)/Applications";
				LIBRARY_SEARCH_PATHS = (
					"$(inherited)",
					"$(LIBRARY_SEARCH_PATHS_QUOTED_FOR_TARGET_1)",
					"$(LIBRARY_SEARCH_PATHS_QUOTED_FOR_TARGET_2)",
					"$(LIBRARY_SEARCH_PATHS_QUOTED_FOR_TARGET_3)",
					"$(LIBRARY_SEARCH_PATHS_QUOTED_FOR_TARGET_4)",
					"$(LIBRARY_SEARCH_PATHS_QUOTED_FOR_TARGET_5)",
					"$(LIBRARY_SEARCH_PATHS_QUOTED_FOR_TARGET_6)",
					"$(LIBRARY_SEARCH_PATHS_QUOTED_FOR_TARGET_7)",
					"$(LIBRARY_SEARCH_PATHS_QUOTED_FOR_TARGET_8)",
					"$(LIBRARY_SEARCH_PATHS_QUOTED_FOR_TARGET_9)",
					"$(LIBRARY_SEARCH_PATHS_QUOTED_FOR_TARGET_10)",
					"$(LIBRARY_SEARCH_PATHS_QUOTED_FOR_TARGET_11)",
					"$(LIBRARY_SEARCH_PATHS_QUOTED_FOR_TARGET_12)",
					"$(LIBRARY_SEARCH_PATHS_QUOTED_FOR_TARGET_13)",
					"$(LIBRARY_SEARCH_PATHS_QUOTED_FOR_TARGET_14)",
					"$(LIBRARY_SEARCH_PATHS_QUOTED_FOR_TARGET_15)",
					"$(LIBRARY_SEARCH_PATHS_QUOTED_FOR_TARGET_2)",
					"$(LIBRARY_SEARCH_PATHS_QUOTED_FOR_TARGET_3)",
					"$(LIBRARY_SEARCH_PATHS_QUOTED_FOR_TARGET_7)",
					"$(LIBRARY_SEARCH_PATHS_QUOTED_FOR_TARGET_8)",
					"$(LIBRARY_SEARCH_PATHS_QUOTED_FOR_TARGET_9)",
					"$(LIBRARY_SEARCH_PATHS_QUOTED_FOR_TARGET_10)",
					"$(LIBRARY_SEARCH_PATHS_QUOTED_FOR_TARGET_11)",
					"$(LIBRARY_SEARCH_PATHS_QUOTED_FOR_TARGET_12)",
					"$(LIBRARY_SEARCH_PATHS_QUOTED_FOR_TARGET_13)",
					"$(LIBRARY_SEARCH_PATHS_QUOTED_FOR_TARGET_16)",
					"$(LIBRARY_SEARCH_PATHS_QUOTED_FOR_TARGET_17)",
					"$(LIBRARY_SEARCH_PATHS_QUOTED_FOR_TARGET_18)",
					"$(LIBRARY_SEARCH_PATHS_QUOTED_FOR_TARGET_19)",
					"$(LIBRARY_SEARCH_PATHS_QUOTED_FOR_TARGET_20)",
					"$(LIBRARY_SEARCH_PATHS_QUOTED_FOR_TARGET_21)",
					"$(LIBRARY_SEARCH_PATHS_QUOTED_FOR_TARGET_22)",
					"$(LIBRARY_SEARCH_PATHS_QUOTED_FOR_TARGET_23)",
					"$(LIBRARY_SEARCH_PATHS_QUOTED_FOR_TARGET_24)",
					"$(LIBRARY_SEARCH_PATHS_QUOTED_FOR_TARGET_25)",
					"$(LIBRARY_SEARCH_PATHS_QUOTED_FOR_TARGET_26)",
					"$(LIBRARY_SEARCH_PATHS_QUOTED_FOR_TARGET_27)",
					"$(LIBRARY_SEARCH_PATHS_QUOTED_FOR_TARGET_28)",
					"$(LIBRARY_SEARCH_PATHS_QUOTED_FOR_TARGET_29)",
					"$(LIBRARY_SEARCH_PATHS_QUOTED_FOR_TARGET_30)",
					"$(LIBRARY_SEARCH_PATHS_QUOTED_FOR_TARGET_31)",
					"$(LIBRARY_SEARCH_PATHS_QUOTED_FOR_TARGET_32)",
					"$(LIBRARY_SEARCH_PATHS_QUOTED_FOR_TARGET_33)",
					"$(LIBRARY_SEARCH_PATHS_QUOTED_FOR_TARGET_34)",
					"$(LIBRARY_SEARCH_PATHS_QUOTED_FOR_TARGET_35)",
					"$(LIBRARY_SEARCH_PATHS_QUOTED_FOR_TARGET_36)",
					"$(LIBRARY_SEARCH_PATHS_QUOTED_FOR_TARGET_37)",
					"$(LIBRARY_SEARCH_PATHS_QUOTED_FOR_TARGET_38)",
					"$(LIBRARY_SEARCH_PATHS_QUOTED_FOR_TARGET_39)",
					"$(LIBRARY_SEARCH_PATHS_QUOTED_FOR_TARGET_40)",
					"$(LIBRARY_SEARCH_PATHS_QUOTED_FOR_TARGET_41)",
					"$(LIBRARY_SEARCH_PATHS_QUOTED_FOR_TARGET_42)",
					"$(LIBRARY_SEARCH_PATHS_QUOTED_FOR_TARGET_43)",
					"$(LIBRARY_SEARCH_PATHS_QUOTED_FOR_TARGET_44)",
					"$(LIBRARY_SEARCH_PATHS_QUOTED_FOR_TARGET_45)",
					"$(LIBRARY_SEARCH_PATHS_QUOTED_FOR_TARGET_46)",
					"$(LIBRARY_SEARCH_PATHS_QUOTED_FOR_TARGET_47)",
					"$(LIBRARY_SEARCH_PATHS_QUOTED_FOR_TARGET_48)",
					"$(LIBRARY_SEARCH_PATHS_QUOTED_FOR_TARGET_49)",
					"$(LIBRARY_SEARCH_PATHS_QUOTED_FOR_TARGET_50)",
					"$(LIBRARY_SEARCH_PATHS_QUOTED_FOR_TARGET_51)",
					"$(LIBRARY_SEARCH_PATHS_QUOTED_FOR_TARGET_52)",
				);
				PRODUCT_NAME = "$(TARGET_NAME)Debug";
				WRAPPER_EXTENSION = app;
			};
			name = Debug;
		};
		E4B69B610A3A1757003C02F2 /* Release */ = {
			isa = XCBuildConfiguration;
			buildSettings = {
				COMBINE_HIDPI_IMAGES = YES;
				COPY_PHASE_STRIP = YES;
				FRAMEWORK_SEARCH_PATHS = (
					"$(inherited)",
					"$(FRAMEWORK_SEARCH_PATHS_QUOTED_FOR_TARGET_1)",
				);
				FRAMEWORK_SEARCH_PATHS_QUOTED_FOR_TARGET_1 = "\"$(SRCROOT)/../../../libs/glut/lib/osx\"";
				GCC_GENERATE_DEBUGGING_SYMBOLS = YES;
				GCC_MODEL_TUNING = NONE;
				ICON = "$(ICON_NAME_RELEASE)";
				ICON_FILE = "$(ICON_FILE_PATH)$(ICON)";
				INFOPLIST_FILE = "openFrameworks-Info.plist";
				INSTALL_PATH = "$(HOME)/Applications";
				LIBRARY_SEARCH_PATHS = (
					"$(inherited)",
					"$(LIBRARY_SEARCH_PATHS_QUOTED_FOR_TARGET_1)",
					"$(LIBRARY_SEARCH_PATHS_QUOTED_FOR_TARGET_2)",
					"$(LIBRARY_SEARCH_PATHS_QUOTED_FOR_TARGET_3)",
					"$(LIBRARY_SEARCH_PATHS_QUOTED_FOR_TARGET_4)",
					"$(LIBRARY_SEARCH_PATHS_QUOTED_FOR_TARGET_5)",
					"$(LIBRARY_SEARCH_PATHS_QUOTED_FOR_TARGET_6)",
					"$(LIBRARY_SEARCH_PATHS_QUOTED_FOR_TARGET_7)",
					"$(LIBRARY_SEARCH_PATHS_QUOTED_FOR_TARGET_8)",
					"$(LIBRARY_SEARCH_PATHS_QUOTED_FOR_TARGET_9)",
					"$(LIBRARY_SEARCH_PATHS_QUOTED_FOR_TARGET_10)",
					"$(LIBRARY_SEARCH_PATHS_QUOTED_FOR_TARGET_11)",
					"$(LIBRARY_SEARCH_PATHS_QUOTED_FOR_TARGET_12)",
					"$(LIBRARY_SEARCH_PATHS_QUOTED_FOR_TARGET_13)",
					"$(LIBRARY_SEARCH_PATHS_QUOTED_FOR_TARGET_14)",
					"$(LIBRARY_SEARCH_PATHS_QUOTED_FOR_TARGET_15)",
					"$(LIBRARY_SEARCH_PATHS_QUOTED_FOR_TARGET_2)",
					"$(LIBRARY_SEARCH_PATHS_QUOTED_1)",
					"$(LIBRARY_SEARCH_PATHS_QUOTED_FOR_TARGET_3)",
					"$(LIBRARY_SEARCH_PATHS_QUOTED_FOR_TARGET_7)",
					"$(LIBRARY_SEARCH_PATHS_QUOTED_FOR_TARGET_8)",
					"$(LIBRARY_SEARCH_PATHS_QUOTED_FOR_TARGET_9)",
					"$(LIBRARY_SEARCH_PATHS_QUOTED_FOR_TARGET_10)",
					"$(LIBRARY_SEARCH_PATHS_QUOTED_FOR_TARGET_11)",
					"$(LIBRARY_SEARCH_PATHS_QUOTED_FOR_TARGET_12)",
					"$(LIBRARY_SEARCH_PATHS_QUOTED_FOR_TARGET_13)",
					"$(LIBRARY_SEARCH_PATHS_QUOTED_FOR_TARGET_16)",
					"$(LIBRARY_SEARCH_PATHS_QUOTED_FOR_TARGET_17)",
					"$(LIBRARY_SEARCH_PATHS_QUOTED_FOR_TARGET_18)",
					"$(LIBRARY_SEARCH_PATHS_QUOTED_FOR_TARGET_19)",
					"$(LIBRARY_SEARCH_PATHS_QUOTED_FOR_TARGET_20)",
					"$(LIBRARY_SEARCH_PATHS_QUOTED_FOR_TARGET_21)",
					"$(LIBRARY_SEARCH_PATHS_QUOTED_FOR_TARGET_22)",
					"$(LIBRARY_SEARCH_PATHS_QUOTED_FOR_TARGET_23)",
					"$(LIBRARY_SEARCH_PATHS_QUOTED_FOR_TARGET_24)",
					"$(LIBRARY_SEARCH_PATHS_QUOTED_FOR_TARGET_25)",
					"$(LIBRARY_SEARCH_PATHS_QUOTED_FOR_TARGET_26)",
					"$(LIBRARY_SEARCH_PATHS_QUOTED_FOR_TARGET_27)",
					"$(LIBRARY_SEARCH_PATHS_QUOTED_FOR_TARGET_28)",
					"$(LIBRARY_SEARCH_PATHS_QUOTED_FOR_TARGET_29)",
					"$(LIBRARY_SEARCH_PATHS_QUOTED_FOR_TARGET_30)",
					"$(LIBRARY_SEARCH_PATHS_QUOTED_FOR_TARGET_31)",
					"$(LIBRARY_SEARCH_PATHS_QUOTED_FOR_TARGET_32)",
					"$(LIBRARY_SEARCH_PATHS_QUOTED_FOR_TARGET_33)",
					"$(LIBRARY_SEARCH_PATHS_QUOTED_FOR_TARGET_34)",
					"$(LIBRARY_SEARCH_PATHS_QUOTED_FOR_TARGET_35)",
					"$(LIBRARY_SEARCH_PATHS_QUOTED_FOR_TARGET_36)",
					"$(LIBRARY_SEARCH_PATHS_QUOTED_FOR_TARGET_37)",
					"$(LIBRARY_SEARCH_PATHS_QUOTED_FOR_TARGET_38)",
					"$(LIBRARY_SEARCH_PATHS_QUOTED_FOR_TARGET_39)",
					"$(LIBRARY_SEARCH_PATHS_QUOTED_FOR_TARGET_40)",
					"$(LIBRARY_SEARCH_PATHS_QUOTED_FOR_TARGET_41)",
					"$(LIBRARY_SEARCH_PATHS_QUOTED_FOR_TARGET_42)",
					"$(LIBRARY_SEARCH_PATHS_QUOTED_FOR_TARGET_43)",
					"$(LIBRARY_SEARCH_PATHS_QUOTED_FOR_TARGET_44)",
					"$(LIBRARY_SEARCH_PATHS_QUOTED_FOR_TARGET_45)",
					"$(LIBRARY_SEARCH_PATHS_QUOTED_FOR_TARGET_46)",
					"$(LIBRARY_SEARCH_PATHS_QUOTED_FOR_TARGET_47)",
					"$(LIBRARY_SEARCH_PATHS_QUOTED_FOR_TARGET_48)",
					"$(LIBRARY_SEARCH_PATHS_QUOTED_FOR_TARGET_49)",
					"$(LIBRARY_SEARCH_PATHS_QUOTED_FOR_TARGET_50)",
					"$(LIBRARY_SEARCH_PATHS_QUOTED_FOR_TARGET_51)",
				);
				PRODUCT_NAME = "$(TARGET_NAME)";
				WRAPPER_EXTENSION = app;
			};
			name = Release;
		};
/* End XCBuildConfiguration section */

/* Begin XCConfigurationList section */
		E4B69B4D0A3A1720003C02F2 /* Build configuration list for PBXProject "poly_0715_001" */ = {
			isa = XCConfigurationList;
			buildConfigurations = (
				E4B69B4E0A3A1720003C02F2 /* Debug */,
				E4B69B4F0A3A1720003C02F2 /* Release */,
			);
			defaultConfigurationIsVisible = 0;
			defaultConfigurationName = Release;
		};
		E4B69B5F0A3A1757003C02F2 /* Build configuration list for PBXNativeTarget "poly_0715_001" */ = {
			isa = XCConfigurationList;
			buildConfigurations = (
				E4B69B600A3A1757003C02F2 /* Debug */,
				E4B69B610A3A1757003C02F2 /* Release */,
			);
			defaultConfigurationIsVisible = 0;
			defaultConfigurationName = Release;
		};
/* End XCConfigurationList section */
	};
	rootObject = E4B69B4C0A3A1720003C02F2 /* Project object */;
}
